
Microsoft Visual Studio Solution File, Format Version 12.00
# Visual Studio Version 17
VisualStudioVersion = 17.7.34221.43
MinimumVisualStudioVersion = 10.0.40219.1
Project("{FAE04EC0-301F-11D3-BF4B-00C04F79EFBC}") = "forGit", "forGit\forGit.csproj", "{683356B0-FF34-4D4C-B19F-18AD3B935875}"
EndProject
Global
	GlobalSection(SolutionConfigurationPlatforms) = preSolution
		Debug|Any CPU = Debug|Any CPU
		Release|Any CPU = Release|Any CPU
	EndGlobalSection
	GlobalSection(ProjectConfigurationPlatforms) = postSolution
		{683356B0-FF34-4D4C-B19F-18AD3B935875}.Debug|Any CPU.ActiveCfg = Debug|Any CPU
		{683356B0-FF34-4D4C-B19F-18AD3B935875}.Debug|Any CPU.Build.0 = Debug|Any CPU
		{683356B0-FF34-4D4C-B19F-18AD3B935875}.Release|Any CPU.ActiveCfg = Release|Any CPU
		{683356B0-FF34-4D4C-B19F-18AD3B935875}.Release|Any CPU.Build.0 = Release|Any CPU
	EndGlobalSection
	GlobalSection(SolutionProperties) = preSolution
		HideSolutionNode = FALSE
	EndGlobalSection
	GlobalSection(ExtensibilityGlobals) = postSolution
		SolutionGuid = {799B6D45-2222-407C-8593-CB3AAC611374}
	EndGlobalSection
EndGlobal
